
Microsoft Visual Studio Solution File, Format Version 12.00
# Visual Studio Version 17
VisualStudioVersion = 17.12.35527.113 d17.12
MinimumVisualStudioVersion = 10.0.40219.1
Project("{FAE04EC0-301F-11D3-BF4B-00C04F79EFBC}") = "Application", "Application\Application.csproj", "{245613D2-1DD6-4AE4-A3BC-E6EB0BE358F2}"
EndProject
Project("{FAE04EC0-301F-11D3-BF4B-00C04F79EFBC}") = "Infrastructure", "Infrastructure\Infrastructure.csproj", "{17D14575-5185-42FE-8F2C-4B28B127E49B}"
EndProject
Project("{FAE04EC0-301F-11D3-BF4B-00C04F79EFBC}") = "Domain", "Domain\Domain.csproj", "{C5268600-4835-4EC9-AE16-0BC37885A5B9}"
EndProject
Project("{FAE04EC0-301F-11D3-BF4B-00C04F79EFBC}") = "WebUI", "WebUI\WebUI.csproj", "{39508D41-E77D-4BE1-BB41-F48D364AA3AB}"
EndProject
Global
	GlobalSection(SolutionConfigurationPlatforms) = preSolution
		Debug|Any CPU = Debug|Any CPU
		Release|Any CPU = Release|Any CPU
	EndGlobalSection
	GlobalSection(ProjectConfigurationPlatforms) = postSolution
		{245613D2-1DD6-4AE4-A3BC-E6EB0BE358F2}.Debug|Any CPU.ActiveCfg = Debug|Any CPU
		{245613D2-1DD6-4AE4-A3BC-E6EB0BE358F2}.Debug|Any CPU.Build.0 = Debug|Any CPU
		{245613D2-1DD6-4AE4-A3BC-E6EB0BE358F2}.Release|Any CPU.ActiveCfg = Release|Any CPU
		{245613D2-1DD6-4AE4-A3BC-E6EB0BE358F2}.Release|Any CPU.Build.0 = Release|Any CPU
		{17D14575-5185-42FE-8F2C-4B28B127E49B}.Debug|Any CPU.ActiveCfg = Debug|Any CPU
		{17D14575-5185-42FE-8F2C-4B28B127E49B}.Debug|Any CPU.Build.0 = Debug|Any CPU
		{17D14575-5185-42FE-8F2C-4B28B127E49B}.Release|Any CPU.ActiveCfg = Release|Any CPU
		{17D14575-5185-42FE-8F2C-4B28B127E49B}.Release|Any CPU.Build.0 = Release|Any CPU
		{C5268600-4835-4EC9-AE16-0BC37885A5B9}.Debug|Any CPU.ActiveCfg = Debug|Any CPU
		{C5268600-4835-4EC9-AE16-0BC37885A5B9}.Debug|Any CPU.Build.0 = Debug|Any CPU
		{C5268600-4835-4EC9-AE16-0BC37885A5B9}.Release|Any CPU.ActiveCfg = Release|Any CPU
		{C5268600-4835-4EC9-AE16-0BC37885A5B9}.Release|Any CPU.Build.0 = Release|Any CPU
		{39508D41-E77D-4BE1-BB41-F48D364AA3AB}.Debug|Any CPU.ActiveCfg = Debug|Any CPU
		{39508D41-E77D-4BE1-BB41-F48D364AA3AB}.Debug|Any CPU.Build.0 = Debug|Any CPU
		{39508D41-E77D-4BE1-BB41-F48D364AA3AB}.Release|Any CPU.ActiveCfg = Release|Any CPU
		{39508D41-E77D-4BE1-BB41-F48D364AA3AB}.Release|Any CPU.Build.0 = Release|Any CPU
	EndGlobalSection
	GlobalSection(SolutionProperties) = preSolution
		HideSolutionNode = FALSE
	EndGlobalSection
EndGlobal
